Microsoft Visual Studio Solution File, Format Version 12.00
# Visual Studio Version 18
VisualStudioVersion = 18.0.11222.15
MinimumVisualStudioVersion = 10.0.40219.1
Project("{2150E333-8FDC-42A3-9474-1A3956D46DE8}") = "src", "src", "{99F2AAF4-3C2C-4C08-86F3-553EE82CF8B6}"
EndProject
Project("{2150E333-8FDC-42A3-9474-1A3956D46DE8}") = "tests", "tests", "{A1D184E8-C7CD-4C78-83FF-C93B21329116}"
EndProject
Project("{FAE04EC0-301F-11D3-BF4B-00C04F79EFBC}") = "Domain", "src\Domain\Domain.csproj", "{E608DE65-17AB-4CE5-BE81-116E1531156C}"
EndProject
Project("{FAE04EC0-301F-11D3-BF4B-00C04F79EFBC}") = "Application", "src\Application\Application.csproj", "{A606F7FA-083A-45AF-8E4A-98D431DFF771}"
EndProject
Project("{FAE04EC0-301F-11D3-BF4B-00C04F79EFBC}") = "WebApi", "src\WebApi\WebApi.csproj", "{EE32704A-4630-4A9E-8683-EEBB36CA4300}"
EndProject
Project("{FAE04EC0-301F-11D3-BF4B-00C04F79EFBC}") = "ApplicationTests", "tests\ApplicationTests\ApplicationTests.csproj", "{2ABDBA37-8B00-4C24-A372-26907B4B1E25}"
EndProject
Project("{FAE04EC0-301F-11D3-BF4B-00C04F79EFBC}") = "Infrastructure", "src\Infrastructure\Infrastructure.csproj", "{B2E97D2E-12A7-47CD-B033-824D7555C201}"
EndProject
Global
	GlobalSection(SolutionConfigurationPlatforms) = preSolution
		Debug|Any CPU = Debug|Any CPU
		Release|Any CPU = Release|Any CPU
	EndGlobalSection
	GlobalSection(ProjectConfigurationPlatforms) = postSolution
		{E608DE65-17AB-4CE5-BE81-116E1531156C}.Debug|Any CPU.ActiveCfg = Debug|Any CPU
		{E608DE65-17AB-4CE5-BE81-116E1531156C}.Debug|Any CPU.Build.0 = Debug|Any CPU
		{E608DE65-17AB-4CE5-BE81-116E1531156C}.Release|Any CPU.ActiveCfg = Release|Any CPU
		{E608DE65-17AB-4CE5-BE81-116E1531156C}.Release|Any CPU.Build.0 = Release|Any CPU
		{A606F7FA-083A-45AF-8E4A-98D431DFF771}.Debug|Any CPU.ActiveCfg = Debug|Any CPU
		{A606F7FA-083A-45AF-8E4A-98D431DFF771}.Debug|Any CPU.Build.0 = Debug|Any CPU
		{A606F7FA-083A-45AF-8E4A-98D431DFF771}.Release|Any CPU.ActiveCfg = Release|Any CPU
		{A606F7FA-083A-45AF-8E4A-98D431DFF771}.Release|Any CPU.Build.0 = Release|Any CPU
		{EE32704A-4630-4A9E-8683-EEBB36CA4300}.Debug|Any CPU.ActiveCfg = Debug|Any CPU
		{EE32704A-4630-4A9E-8683-EEBB36CA4300}.Debug|Any CPU.Build.0 = Debug|Any CPU
		{EE32704A-4630-4A9E-8683-EEBB36CA4300}.Release|Any CPU.ActiveCfg = Release|Any CPU
		{EE32704A-4630-4A9E-8683-EEBB36CA4300}.Release|Any CPU.Build.0 = Release|Any CPU
		{2ABDBA37-8B00-4C24-A372-26907B4B1E25}.Debug|Any CPU.ActiveCfg = Debug|Any CPU
		{2ABDBA37-8B00-4C24-A372-26907B4B1E25}.Debug|Any CPU.Build.0 = Debug|Any CPU
		{2ABDBA37-8B00-4C24-A372-26907B4B1E25}.Release|Any CPU.ActiveCfg = Release|Any CPU
		{2ABDBA37-8B00-4C24-A372-26907B4B1E25}.Release|Any CPU.Build.0 = Release|Any CPU
		{B2E97D2E-12A7-47CD-B033-824D7555C201}.Debug|Any CPU.ActiveCfg = Debug|Any CPU
		{B2E97D2E-12A7-47CD-B033-824D7555C201}.Debug|Any CPU.Build.0 = Debug|Any CPU
		{B2E97D2E-12A7-47CD-B033-824D7555C201}.Release|Any CPU.ActiveCfg = Release|Any CPU
		{B2E97D2E-12A7-47CD-B033-824D7555C201}.Release|Any CPU.Build.0 = Release|Any CPU
	EndGlobalSection
	GlobalSection(SolutionProperties) = preSolution
		HideSolutionNode = FALSE
	EndGlobalSection
	GlobalSection(NestedProjects) = preSolution
		{E608DE65-17AB-4CE5-BE81-116E1531156C} = {99F2AAF4-3C2C-4C08-86F3-553EE82CF8B6}
		{A606F7FA-083A-45AF-8E4A-98D431DFF771} = {99F2AAF4-3C2C-4C08-86F3-553EE82CF8B6}
		{EE32704A-4630-4A9E-8683-EEBB36CA4300} = {99F2AAF4-3C2C-4C08-86F3-553EE82CF8B6}
		{2ABDBA37-8B00-4C24-A372-26907B4B1E25} = {A1D184E8-C7CD-4C78-83FF-C93B21329116}
		{B2E97D2E-12A7-47CD-B033-824D7555C201} = {99F2AAF4-3C2C-4C08-86F3-553EE82CF8B6}
	EndGlobalSection
	GlobalSection(ExtensibilityGlobals) = postSolution
		SolutionGuid = {3EDA894F-5082-48E6-9377-F0136E63A9F9}
	EndGlobalSection
EndGlobal
